
Microsoft Visual Studio Solution File, Format Version 12.00
# Visual Studio Version 16
VisualStudioVersion = 16.0.31424.327
MinimumVisualStudioVersion = 10.0.40219.1
Project("{9A19103F-16F7-4668-BE54-9A1E7A4F7556}") = "ITAcademy.Homework1", "TestProj\ITAcademy.Homework1.csproj", "{06BBFB18-B297-4B4A-A5EC-AC8F97C1E5D8}"
EndProject
Project("{9A19103F-16F7-4668-BE54-9A1E7A4F7556}") = "ITAcademy.Homework2", "ITAcademy.Homework2\ITAcademy.Homework2.csproj", "{7576A336-3F1F-475D-8064-C2DC7A4DE8E6}"
EndProject
Project("{9A19103F-16F7-4668-BE54-9A1E7A4F7556}") = "ITAcademy.Homework.OOP", "ITAcademy.Homework2.1\ITAcademy.Homework.OOP.csproj", "{C3E12BE1-C874-4C63-8DD4-4017B1A1D69F}"
EndProject
Project("{FAE04EC0-301F-11D3-BF4B-00C04F79EFBC}") = "ITAcademy.Homework.Text", "ITAcademy.Homework.Text\ITAcademy.Homework.Text.csproj", "{D36CF08A-09DA-476C-874A-F6F2C115A833}"
EndProject
Global
	GlobalSection(SolutionConfigurationPlatforms) = preSolution
		Debug|Any CPU = Debug|Any CPU
		Release|Any CPU = Release|Any CPU
	EndGlobalSection
	GlobalSection(ProjectConfigurationPlatforms) = postSolution
		{06BBFB18-B297-4B4A-A5EC-AC8F97C1E5D8}.Debug|Any CPU.ActiveCfg = Debug|Any CPU
		{06BBFB18-B297-4B4A-A5EC-AC8F97C1E5D8}.Debug|Any CPU.Build.0 = Debug|Any CPU
		{06BBFB18-B297-4B4A-A5EC-AC8F97C1E5D8}.Release|Any CPU.ActiveCfg = Release|Any CPU
		{06BBFB18-B297-4B4A-A5EC-AC8F97C1E5D8}.Release|Any CPU.Build.0 = Release|Any CPU
		{7576A336-3F1F-475D-8064-C2DC7A4DE8E6}.Debug|Any CPU.ActiveCfg = Debug|Any CPU
		{7576A336-3F1F-475D-8064-C2DC7A4DE8E6}.Debug|Any CPU.Build.0 = Debug|Any CPU
		{7576A336-3F1F-475D-8064-C2DC7A4DE8E6}.Release|Any CPU.ActiveCfg = Release|Any CPU
		{7576A336-3F1F-475D-8064-C2DC7A4DE8E6}.Release|Any CPU.Build.0 = Release|Any CPU
		{C3E12BE1-C874-4C63-8DD4-4017B1A1D69F}.Debug|Any CPU.ActiveCfg = Debug|Any CPU
		{C3E12BE1-C874-4C63-8DD4-4017B1A1D69F}.Debug|Any CPU.Build.0 = Debug|Any CPU
		{C3E12BE1-C874-4C63-8DD4-4017B1A1D69F}.Release|Any CPU.ActiveCfg = Release|Any CPU
		{C3E12BE1-C874-4C63-8DD4-4017B1A1D69F}.Release|Any CPU.Build.0 = Release|Any CPU
		{D36CF08A-09DA-476C-874A-F6F2C115A833}.Debug|Any CPU.ActiveCfg = Debug|Any CPU
		{D36CF08A-09DA-476C-874A-F6F2C115A833}.Debug|Any CPU.Build.0 = Debug|Any CPU
		{D36CF08A-09DA-476C-874A-F6F2C115A833}.Release|Any CPU.ActiveCfg = Release|Any CPU
		{D36CF08A-09DA-476C-874A-F6F2C115A833}.Release|Any CPU.Build.0 = Release|Any CPU
	EndGlobalSection
	GlobalSection(SolutionProperties) = preSolution
		HideSolutionNode = FALSE
	EndGlobalSection
	GlobalSection(ExtensibilityGlobals) = postSolution
		SolutionGuid = {E55D6CB4-6D45-4644-92FD-1EA6C2B89CD7}
	EndGlobalSection
EndGlobal
